// !$*UTF8*$!
{
	archiveVersion = 1;
	classes = {
	};
	objectVersion = 46;
	objects = {

/* Begin PBXBuildFile section */
		5296EDF41C6BB3100084CE65 /* WelcomeViewController.swift in Sources */ = {isa = PBXBuildFile; fileRef = 5296EDF31C6BB3100084CE65 /* WelcomeViewController.swift */; };
		5296EDF81C6C2A920084CE65 /* BackTableViewController.swift in Sources */ = {isa = PBXBuildFile; fileRef = 5296EDF71C6C2A920084CE65 /* BackTableViewController.swift */; };
		5296EDFA1C6C35EA0084CE65 /* UserViewController.swift in Sources */ = {isa = PBXBuildFile; fileRef = 5296EDF91C6C35EA0084CE65 /* UserViewController.swift */; };
		5296EE061C6E36150084CE65 /* ReportEventViewController.swift in Sources */ = {isa = PBXBuildFile; fileRef = 5296EE051C6E36150084CE65 /* ReportEventViewController.swift */; };
		5296EE081C6E37D00084CE65 /* NewsViewController.swift in Sources */ = {isa = PBXBuildFile; fileRef = 5296EE071C6E37D00084CE65 /* NewsViewController.swift */; };
		5296EE0A1C6E3A900084CE65 /* EmergencyCallViewController.swift in Sources */ = {isa = PBXBuildFile; fileRef = 5296EE091C6E3A900084CE65 /* EmergencyCallViewController.swift */; };
		5296EE0C1C6E3BB30084CE65 /* SettingsViewController.swift in Sources */ = {isa = PBXBuildFile; fileRef = 5296EE0B1C6E3BB30084CE65 /* SettingsViewController.swift */; };
		5296EE121C6EDCF60084CE65 /* ModifyUserTableViewController.swift in Sources */ = {isa = PBXBuildFile; fileRef = 5296EE111C6EDCF60084CE65 /* ModifyUserTableViewController.swift */; };
		5296EE141C6EF5650084CE65 /* ChangeNameViewController.swift in Sources */ = {isa = PBXBuildFile; fileRef = 5296EE131C6EF5650084CE65 /* ChangeNameViewController.swift */; };
		5296EE161C6EF88A0084CE65 /* ChangeEmailViewController.swift in Sources */ = {isa = PBXBuildFile; fileRef = 5296EE151C6EF88A0084CE65 /* ChangeEmailViewController.swift */; };
		5296EE181C6EF9DF0084CE65 /* ChangePhoneViewController.swift in Sources */ = {isa = PBXBuildFile; fileRef = 5296EE171C6EF9DF0084CE65 /* ChangePhoneViewController.swift */; };
		5296EE1C1C6F81DB0084CE65 /* ChangePasswordViewController.swift in Sources */ = {isa = PBXBuildFile; fileRef = 5296EE1B1C6F81DB0084CE65 /* ChangePasswordViewController.swift */; };
		5296EE1E1C6F90030084CE65 /* ChangeProfilePictureViewController.swift in Sources */ = {isa = PBXBuildFile; fileRef = 5296EE1D1C6F90030084CE65 /* ChangeProfilePictureViewController.swift */; };
		5296EE201C6F98130084CE65 /* profilePicture.jpg in Resources */ = {isa = PBXBuildFile; fileRef = 5296EE1F1C6F98130084CE65 /* profilePicture.jpg */; };
		5296EE231C6FA1260084CE65 /* ConfigViewController.swift in Sources */ = {isa = PBXBuildFile; fileRef = 5296EE221C6FA1260084CE65 /* ConfigViewController.swift */; };
		5296EE2B1C70FB070084CE65 /* ConfigUnitViewController.swift in Sources */ = {isa = PBXBuildFile; fileRef = 5296EE2A1C70FB070084CE65 /* ConfigUnitViewController.swift */; };
		5296EE2F1C712E740084CE65 /* ConfigThemeViewController.swift in Sources */ = {isa = PBXBuildFile; fileRef = 5296EE2E1C712E740084CE65 /* ConfigThemeViewController.swift */; };
		52E976331C6BA0E00073277F /* SWRevealViewController.m in Sources */ = {isa = PBXBuildFile; fileRef = 52E976321C6BA0E00073277F /* SWRevealViewController.m */; };
		52F61EE51C67E178003B9C6D /* AppDelegate.swift in Sources */ = {isa = PBXBuildFile; fileRef = 52F61EE41C67E178003B9C6D /* AppDelegate.swift */; };
		52F61EE71C67E178003B9C6D /* ViewController.swift in Sources */ = {isa = PBXBuildFile; fileRef = 52F61EE61C67E178003B9C6D /* ViewController.swift */; };
		52F61EEA1C67E178003B9C6D /* Main.storyboard in Resources */ = {isa = PBXBuildFile; fileRef = 52F61EE81C67E178003B9C6D /* Main.storyboard */; };
		52F61EEC1C67E178003B9C6D /* Assets.xcassets in Resources */ = {isa = PBXBuildFile; fileRef = 52F61EEB1C67E178003B9C6D /* Assets.xcassets */; };
		52F61EEF1C67E178003B9C6D /* LaunchScreen.storyboard in Resources */ = {isa = PBXBuildFile; fileRef = 52F61EED1C67E178003B9C6D /* LaunchScreen.storyboard */; };
		52F61EFA1C67E179003B9C6D /* SecuvecinosTests.swift in Sources */ = {isa = PBXBuildFile; fileRef = 52F61EF91C67E179003B9C6D /* SecuvecinosTests.swift */; };
		52F61F051C67E179003B9C6D /* SecuvecinosUITests.swift in Sources */ = {isa = PBXBuildFile; fileRef = 52F61F041C67E179003B9C6D /* SecuvecinosUITests.swift */; };
		52FCBFB71C6A4CF700A4801A /* LostPasswordViewController.swift in Sources */ = {isa = PBXBuildFile; fileRef = 52FCBFB61C6A4CF700A4801A /* LostPasswordViewController.swift */; };
		52FCBFBA1C6A538C00A4801A /* RegisterViewController.swift in Sources */ = {isa = PBXBuildFile; fileRef = 52FCBFB91C6A538C00A4801A /* RegisterViewController.swift */; };
		52FCBFBC1C6A613500A4801A /* TermsViewController.swift in Sources */ = {isa = PBXBuildFile; fileRef = 52FCBFBB1C6A613500A4801A /* TermsViewController.swift */; };
		52FCBFC01C6A691C00A4801A /* LoginViewController.swift in Sources */ = {isa = PBXBuildFile; fileRef = 52FCBFBF1C6A691C00A4801A /* LoginViewController.swift */; };
		52FCBFC21C6A6AF700A4801A /* HideKeyBoard.swift in Sources */ = {isa = PBXBuildFile; fileRef = 52FCBFC11C6A6AF700A4801A /* HideKeyBoard.swift */; };
/* End PBXBuildFile section */

/* Begin PBXContainerItemProxy section */
		52F61EF61C67E179003B9C6D /* PBXContainerItemProxy */ = {
			isa = PBXContainerItemProxy;
			containerPortal = 52F61ED91C67E178003B9C6D /* Project object */;
			proxyType = 1;
			remoteGlobalIDString = 52F61EE01C67E178003B9C6D;
			remoteInfo = Secuvecinos;
		};
		52F61F011C67E179003B9C6D /* PBXContainerItemProxy */ = {
			isa = PBXContainerItemProxy;
			containerPortal = 52F61ED91C67E178003B9C6D /* Project object */;
			proxyType = 1;
			remoteGlobalIDString = 52F61EE01C67E178003B9C6D;
			remoteInfo = Secuvecinos;
		};
/* End PBXContainerItemProxy section */

/* Begin PBXFileReference section */
		5296EDF31C6BB3100084CE65 /* WelcomeViewController.swift */ = {isa = PBXFileReference; fileEncoding = 4; lastKnownFileType = sourcecode.swift; path = WelcomeViewController.swift; sourceTree = "<group>"; };
		5296EDF71C6C2A920084CE65 /* BackTableViewController.swift */ = {isa = PBXFileReference; fileEncoding = 4; lastKnownFileType = sourcecode.swift; path = BackTableViewController.swift; sourceTree = "<group>"; };
		5296EDF91C6C35EA0084CE65 /* UserViewController.swift */ = {isa = PBXFileReference; fileEncoding = 4; lastKnownFileType = sourcecode.swift; path = UserViewController.swift; sourceTree = "<group>"; };
		5296EE051C6E36150084CE65 /* ReportEventViewController.swift */ = {isa = PBXFileReference; fileEncoding = 4; lastKnownFileType = sourcecode.swift; path = ReportEventViewController.swift; sourceTree = "<group>"; };
		5296EE071C6E37D00084CE65 /* NewsViewController.swift */ = {isa = PBXFileReference; fileEncoding = 4; lastKnownFileType = sourcecode.swift; path = NewsViewController.swift; sourceTree = "<group>"; };
		5296EE091C6E3A900084CE65 /* EmergencyCallViewController.swift */ = {isa = PBXFileReference; fileEncoding = 4; lastKnownFileType = sourcecode.swift; path = EmergencyCallViewController.swift; sourceTree = "<group>"; };
		5296EE0B1C6E3BB30084CE65 /* SettingsViewController.swift */ = {isa = PBXFileReference; fileEncoding = 4; lastKnownFileType = sourcecode.swift; path = SettingsViewController.swift; sourceTree = "<group>"; };
		5296EE111C6EDCF60084CE65 /* ModifyUserTableViewController.swift */ = {isa = PBXFileReference; fileEncoding = 4; lastKnownFileType = sourcecode.swift; path = ModifyUserTableViewController.swift; sourceTree = "<group>"; };
		5296EE131C6EF5650084CE65 /* ChangeNameViewController.swift */ = {isa = PBXFileReference; fileEncoding = 4; lastKnownFileType = sourcecode.swift; path = ChangeNameViewController.swift; sourceTree = "<group>"; };
		5296EE151C6EF88A0084CE65 /* ChangeEmailViewController.swift */ = {isa = PBXFileReference; fileEncoding = 4; lastKnownFileType = sourcecode.swift; path = ChangeEmailViewController.swift; sourceTree = "<group>"; };
		5296EE171C6EF9DF0084CE65 /* ChangePhoneViewController.swift */ = {isa = PBXFileReference; fileEncoding = 4; lastKnownFileType = sourcecode.swift; path = ChangePhoneViewController.swift; sourceTree = "<group>"; };
		5296EE1B1C6F81DB0084CE65 /* ChangePasswordViewController.swift */ = {isa = PBXFileReference; fileEncoding = 4; lastKnownFileType = sourcecode.swift; name = ChangePasswordViewController.swift; path = ../ChangePasswordViewController.swift; sourceTree = "<group>"; };
		5296EE1D1C6F90030084CE65 /* ChangeProfilePictureViewController.swift */ = {isa = PBXFileReference; fileEncoding = 4; lastKnownFileType = sourcecode.swift; path = ChangeProfilePictureViewController.swift; sourceTree = "<group>"; };
		5296EE1F1C6F98130084CE65 /* profilePicture.jpg */ = {isa = PBXFileReference; lastKnownFileType = image.jpeg; path = profilePicture.jpg; sourceTree = "<group>"; };
		5296EE221C6FA1260084CE65 /* ConfigViewController.swift */ = {isa = PBXFileReference; fileEncoding = 4; lastKnownFileType = sourcecode.swift; path = ConfigViewController.swift; sourceTree = "<group>"; };
		5296EE2A1C70FB070084CE65 /* ConfigUnitViewController.swift */ = {isa = PBXFileReference; fileEncoding = 4; lastKnownFileType = sourcecode.swift; path = ConfigUnitViewController.swift; sourceTree = "<group>"; };
		5296EE2E1C712E740084CE65 /* ConfigThemeViewController.swift */ = {isa = PBXFileReference; fileEncoding = 4; lastKnownFileType = sourcecode.swift; path = ConfigThemeViewController.swift; sourceTree = "<group>"; };
		52E976301C6BA0DF0073277F /* Secuvecinos-Bridging-Header.h */ = {isa = PBXFileReference; lastKnownFileType = sourcecode.c.h; path = "Secuvecinos-Bridging-Header.h"; sourceTree = "<group>"; };
		52E976311C6BA0E00073277F /* SWRevealViewController.h */ = {isa = PBXFileReference; fileEncoding = 4; lastKnownFileType = sourcecode.c.h; path = SWRevealViewController.h; sourceTree = "<group>"; };
		52E976321C6BA0E00073277F /* SWRevealViewController.m */ = {isa = PBXFileReference; fileEncoding = 4; lastKnownFileType = sourcecode.c.objc; path = SWRevealViewController.m; sourceTree = "<group>"; };
		52F61EE11C67E178003B9C6D /* Secuvecinos.app */ = {isa = PBXFileReference; explicitFileType = wrapper.application; includeInIndex = 0; path = Secuvecinos.app; sourceTree = BUILT_PRODUCTS_DIR; };
		52F61EE41C67E178003B9C6D /* AppDelegate.swift */ = {isa = PBXFileReference; lastKnownFileType = sourcecode.swift; path = AppDelegate.swift; sourceTree = "<group>"; };
		52F61EE61C67E178003B9C6D /* ViewController.swift */ = {isa = PBXFileReference; lastKnownFileType = sourcecode.swift; path = ViewController.swift; sourceTree = "<group>"; };
		52F61EE91C67E178003B9C6D /* Base */ = {isa = PBXFileReference; lastKnownFileType = file.storyboard; name = Base; path = Base.lproj/Main.storyboard; sourceTree = "<group>"; };
		52F61EEB1C67E178003B9C6D /* Assets.xcassets */ = {isa = PBXFileReference; lastKnownFileType = folder.assetcatalog; path = Assets.xcassets; sourceTree = "<group>"; };
		52F61EEE1C67E178003B9C6D /* Base */ = {isa = PBXFileReference; lastKnownFileType = file.storyboard; name = Base; path = Base.lproj/LaunchScreen.storyboard; sourceTree = "<group>"; };
		52F61EF01C67E178003B9C6D /* Info.plist */ = {isa = PBXFileReference; lastKnownFileType = text.plist.xml; path = Info.plist; sourceTree = "<group>"; };
		52F61EF51C67E179003B9C6D /* SecuvecinosTests.xctest */ = {isa = PBXFileReference; explicitFileType = wrapper.cfbundle; includeInIndex = 0; path = SecuvecinosTests.xctest; sourceTree = BUILT_PRODUCTS_DIR; };
		52F61EF91C67E179003B9C6D /* SecuvecinosTests.swift */ = {isa = PBXFileReference; lastKnownFileType = sourcecode.swift; path = SecuvecinosTests.swift; sourceTree = "<group>"; };
		52F61EFB1C67E179003B9C6D /* Info.plist */ = {isa = PBXFileReference; lastKnownFileType = text.plist.xml; path = Info.plist; sourceTree = "<group>"; };
		52F61F001C67E179003B9C6D /* SecuvecinosUITests.xctest */ = {isa = PBXFileReference; explicitFileType = wrapper.cfbundle; includeInIndex = 0; path = SecuvecinosUITests.xctest; sourceTree = BUILT_PRODUCTS_DIR; };
		52F61F041C67E179003B9C6D /* SecuvecinosUITests.swift */ = {isa = PBXFileReference; lastKnownFileType = sourcecode.swift; path = SecuvecinosUITests.swift; sourceTree = "<group>"; };
		52F61F061C67E179003B9C6D /* Info.plist */ = {isa = PBXFileReference; lastKnownFileType = text.plist.xml; path = Info.plist; sourceTree = "<group>"; };
		52FCBFB61C6A4CF700A4801A /* LostPasswordViewController.swift */ = {isa = PBXFileReference; fileEncoding = 4; lastKnownFileType = sourcecode.swift; name = LostPasswordViewController.swift; path = ../LostPasswordViewController.swift; sourceTree = "<group>"; };
		52FCBFB91C6A538C00A4801A /* RegisterViewController.swift */ = {isa = PBXFileReference; fileEncoding = 4; lastKnownFileType = sourcecode.swift; path = RegisterViewController.swift; sourceTree = "<group>"; };
		52FCBFBB1C6A613500A4801A /* TermsViewController.swift */ = {isa = PBXFileReference; fileEncoding = 4; lastKnownFileType = sourcecode.swift; path = TermsViewController.swift; sourceTree = "<group>"; };
		52FCBFBF1C6A691C00A4801A /* LoginViewController.swift */ = {isa = PBXFileReference; fileEncoding = 4; lastKnownFileType = sourcecode.swift; path = LoginViewController.swift; sourceTree = "<group>"; };
		52FCBFC11C6A6AF700A4801A /* HideKeyBoard.swift */ = {isa = PBXFileReference; fileEncoding = 4; lastKnownFileType = sourcecode.swift; path = HideKeyBoard.swift; sourceTree = "<group>"; };
/* End PBXFileReference section */

/* Begin PBXFrameworksBuildPhase section */
		52F61EDE1C67E178003B9C6D /* Frameworks */ = {
			isa = PBXFrameworksBuildPhase;
			buildActionMask = 2147483647;
			files = (
			);
			runOnlyForDeploymentPostprocessing = 0;
		};
		52F61EF21C67E179003B9C6D /* Frameworks */ = {
			isa = PBXFrameworksBuildPhase;
			buildActionMask = 2147483647;
			files = (
			);
			runOnlyForDeploymentPostprocessing = 0;
		};
		52F61EFD1C67E179003B9C6D /* Frameworks */ = {
			isa = PBXFrameworksBuildPhase;
			buildActionMask = 2147483647;
			files = (
			);
			runOnlyForDeploymentPostprocessing = 0;
		};
/* End PBXFrameworksBuildPhase section */

/* Begin PBXGroup section */
		5296EE211C6F98310084CE65 /* ArtWork */ = {
			isa = PBXGroup;
			children = (
				5296EE1F1C6F98130084CE65 /* profilePicture.jpg */,
			);
			name = ArtWork;
			sourceTree = "<group>";
		};
		52E9762F1C6BA08D0073277F /* SWRevealViewController */ = {
			isa = PBXGroup;
			children = (
				52E976311C6BA0E00073277F /* SWRevealViewController.h */,
				52E976321C6BA0E00073277F /* SWRevealViewController.m */,
				52E976301C6BA0DF0073277F /* Secuvecinos-Bridging-Header.h */,
			);
			name = SWRevealViewController;
			sourceTree = "<group>";
		};
		52F61ED81C67E178003B9C6D = {
			isa = PBXGroup;
			children = (
				52F61EE31C67E178003B9C6D /* Secuvecinos */,
				52F61EF81C67E179003B9C6D /* SecuvecinosTests */,
				52F61F031C67E179003B9C6D /* SecuvecinosUITests */,
				52F61EE21C67E178003B9C6D /* Products */,
			);
			sourceTree = "<group>";
		};
		52F61EE21C67E178003B9C6D /* Products */ = {
			isa = PBXGroup;
			children = (
				52F61EE11C67E178003B9C6D /* Secuvecinos.app */,
				52F61EF51C67E179003B9C6D /* SecuvecinosTests.xctest */,
				52F61F001C67E179003B9C6D /* SecuvecinosUITests.xctest */,
			);
			name = Products;
			sourceTree = "<group>";
		};
		52F61EE31C67E178003B9C6D /* Secuvecinos */ = {
			isa = PBXGroup;
			children = (
				5296EE211C6F98310084CE65 /* ArtWork */,
				52E9762F1C6BA08D0073277F /* SWRevealViewController */,
				52FCBFC31C6A744600A4801A /* Controllers */,
				52F61EE41C67E178003B9C6D /* AppDelegate.swift */,
				52F61EE81C67E178003B9C6D /* Main.storyboard */,
				52F61EEB1C67E178003B9C6D /* Assets.xcassets */,
				52F61EED1C67E178003B9C6D /* LaunchScreen.storyboard */,
				52F61EF01C67E178003B9C6D /* Info.plist */,
			);
			path = Secuvecinos;
			sourceTree = "<group>";
		};
		52F61EF81C67E179003B9C6D /* SecuvecinosTests */ = {
			isa = PBXGroup;
			children = (
				52F61EF91C67E179003B9C6D /* SecuvecinosTests.swift */,
				52F61EFB1C67E179003B9C6D /* Info.plist */,
			);
			path = SecuvecinosTests;
			sourceTree = "<group>";
		};
		52F61F031C67E179003B9C6D /* SecuvecinosUITests */ = {
			isa = PBXGroup;
			children = (
				52F61F041C67E179003B9C6D /* SecuvecinosUITests.swift */,
				52F61F061C67E179003B9C6D /* Info.plist */,
			);
			path = SecuvecinosUITests;
			sourceTree = "<group>";
		};
		52FCBFC31C6A744600A4801A /* Controllers */ = {
			isa = PBXGroup;
			children = (
				52FCBFB61C6A4CF700A4801A /* LostPasswordViewController.swift */,
				5296EE1B1C6F81DB0084CE65 /* ChangePasswordViewController.swift */,
				52FCBFBF1C6A691C00A4801A /* LoginViewController.swift */,
				52FCBFB91C6A538C00A4801A /* RegisterViewController.swift */,
				52FCBFC11C6A6AF700A4801A /* HideKeyBoard.swift */,
				52F61EE61C67E178003B9C6D /* ViewController.swift */,
				52FCBFBB1C6A613500A4801A /* TermsViewController.swift */,
				5296EDF31C6BB3100084CE65 /* WelcomeViewController.swift */,
				5296EDF71C6C2A920084CE65 /* BackTableViewController.swift */,
				5296EDF91C6C35EA0084CE65 /* UserViewController.swift */,
				5296EE051C6E36150084CE65 /* ReportEventViewController.swift */,
				5296EE071C6E37D00084CE65 /* NewsViewController.swift */,
				5296EE1D1C6F90030084CE65 /* ChangeProfilePictureViewController.swift */,
				5296EE091C6E3A900084CE65 /* EmergencyCallViewController.swift */,
				5296EE0B1C6E3BB30084CE65 /* SettingsViewController.swift */,
				5296EE111C6EDCF60084CE65 /* ModifyUserTableViewController.swift */,
				5296EE131C6EF5650084CE65 /* ChangeNameViewController.swift */,
				5296EE151C6EF88A0084CE65 /* ChangeEmailViewController.swift */,
				5296EE171C6EF9DF0084CE65 /* ChangePhoneViewController.swift */,
				5296EE221C6FA1260084CE65 /* ConfigViewController.swift */,
				5296EE2A1C70FB070084CE65 /* ConfigUnitViewController.swift */,
				5296EE2E1C712E740084CE65 /* ConfigThemeViewController.swift */,
			);
			name = Controllers;
			sourceTree = "<group>";
		};
/* End PBXGroup section */

/* Begin PBXNativeTarget section */
		52F61EE01C67E178003B9C6D /* Secuvecinos */ = {
			isa = PBXNativeTarget;
			buildConfigurationList = 52F61F091C67E179003B9C6D /* Build configuration list for PBXNativeTarget "Secuvecinos" */;
			buildPhases = (
				52F61EDD1C67E178003B9C6D /* Sources */,
				52F61EDE1C67E178003B9C6D /* Frameworks */,
				52F61EDF1C67E178003B9C6D /* Resources */,
			);
			buildRules = (
			);
			dependencies = (
			);
			name = Secuvecinos;
			productName = Secuvecinos;
			productReference = 52F61EE11C67E178003B9C6D /* Secuvecinos.app */;
			productType = "com.apple.product-type.application";
		};
		52F61EF41C67E179003B9C6D /* SecuvecinosTests */ = {
			isa = PBXNativeTarget;
			buildConfigurationList = 52F61F0C1C67E179003B9C6D /* Build configuration list for PBXNativeTarget "SecuvecinosTests" */;
			buildPhases = (
				52F61EF11C67E179003B9C6D /* Sources */,
				52F61EF21C67E179003B9C6D /* Frameworks */,
				52F61EF31C67E179003B9C6D /* Resources */,
			);
			buildRules = (
			);
			dependencies = (
				52F61EF71C67E179003B9C6D /* PBXTargetDependency */,
			);
			name = SecuvecinosTests;
			productName = SecuvecinosTests;
			productReference = 52F61EF51C67E179003B9C6D /* SecuvecinosTests.xctest */;
			productType = "com.apple.product-type.bundle.unit-test";
		};
		52F61EFF1C67E179003B9C6D /* SecuvecinosUITests */ = {
			isa = PBXNativeTarget;
			buildConfigurationList = 52F61F0F1C67E179003B9C6D /* Build configuration list for PBXNativeTarget "SecuvecinosUITests" */;
			buildPhases = (
				52F61EFC1C67E179003B9C6D /* Sources */,
				52F61EFD1C67E179003B9C6D /* Frameworks */,
				52F61EFE1C67E179003B9C6D /* Resources */,
			);
			buildRules = (
			);
			dependencies = (
				52F61F021C67E179003B9C6D /* PBXTargetDependency */,
			);
			name = SecuvecinosUITests;
			productName = SecuvecinosUITests;
			productReference = 52F61F001C67E179003B9C6D /* SecuvecinosUITests.xctest */;
			productType = "com.apple.product-type.bundle.ui-testing";
		};
/* End PBXNativeTarget section */

/* Begin PBXProject section */
		52F61ED91C67E178003B9C6D /* Project object */ = {
			isa = PBXProject;
			attributes = {
				LastSwiftUpdateCheck = 0720;
				LastUpgradeCheck = 0720;
				ORGANIZATIONNAME = John;
				TargetAttributes = {
					52F61EE01C67E178003B9C6D = {
						CreatedOnToolsVersion = 7.2;
						DevelopmentTeam = Q7BPF2XRFK;
					};
					52F61EF41C67E179003B9C6D = {
						CreatedOnToolsVersion = 7.2;
						DevelopmentTeam = Q7BPF2XRFK;
						TestTargetID = 52F61EE01C67E178003B9C6D;
					};
					52F61EFF1C67E179003B9C6D = {
						CreatedOnToolsVersion = 7.2;
						DevelopmentTeam = Q7BPF2XRFK;
						TestTargetID = 52F61EE01C67E178003B9C6D;
					};
				};
			};
			buildConfigurationList = 52F61EDC1C67E178003B9C6D /* Build configuration list for PBXProject "Secuvecinos" */;
			compatibilityVersion = "Xcode 3.2";
			developmentRegion = English;
			hasScannedForEncodings = 0;
			knownRegions = (
				en,
				Base,
			);
			mainGroup = 52F61ED81C67E178003B9C6D;
			productRefGroup = 52F61EE21C67E178003B9C6D /* Products */;
			projectDirPath = "";
			projectRoot = "";
			targets = (
				52F61EE01C67E178003B9C6D /* Secuvecinos */,
				52F61EF41C67E179003B9C6D /* SecuvecinosTests */,
				52F61EFF1C67E179003B9C6D /* SecuvecinosUITests */,
			);
		};
/* End PBXProject section */

/* Begin PBXResourcesBuildPhase section */
		52F61EDF1C67E178003B9C6D /* Resources */ = {
			isa = PBXResourcesBuildPhase;
			buildActionMask = 2147483647;
			files = (
				52F61EEF1C67E178003B9C6D /* LaunchScreen.storyboard in Resources */,
				52F61EEC1C67E178003B9C6D /* Assets.xcassets in Resources */,
				5296EE201C6F98130084CE65 /* profilePicture.jpg in Resources */,
				52F61EEA1C67E178003B9C6D /* Main.storyboard in Resources */,
			);
			runOnlyForDeploymentPostprocessing = 0;
		};
		52F61EF31C67E179003B9C6D /* Resources */ = {
			isa = PBXResourcesBuildPhase;
			buildActionMask = 2147483647;
			files = (
			);
			runOnlyForDeploymentPostprocessing = 0;
		};
		52F61EFE1C67E179003B9C6D /* Resources */ = {
			isa = PBXResourcesBuildPhase;
			buildActionMask = 2147483647;
			files = (
			);
			runOnlyForDeploymentPostprocessing = 0;
		};
/* End PBXResourcesBuildPhase section */

/* Begin PBXSourcesBuildPhase section */
		52F61EDD1C67E178003B9C6D /* Sources */ = {
			isa = PBXSourcesBuildPhase;
			buildActionMask = 2147483647;
			files = (
				5296EDF81C6C2A920084CE65 /* BackTableViewController.swift in Sources */,
				52FCBFC01C6A691C00A4801A /* LoginViewController.swift in Sources */,
				5296EDFA1C6C35EA0084CE65 /* UserViewController.swift in Sources */,
				5296EDF41C6BB3100084CE65 /* WelcomeViewController.swift in Sources */,
				52F61EE71C67E178003B9C6D /* ViewController.swift in Sources */,
				52F61EE51C67E178003B9C6D /* AppDelegate.swift in Sources */,
				5296EE2B1C70FB070084CE65 /* ConfigUnitViewController.swift in Sources */,
				5296EE081C6E37D00084CE65 /* NewsViewController.swift in Sources */,
				52E976331C6BA0E00073277F /* SWRevealViewController.m in Sources */,
				5296EE0C1C6E3BB30084CE65 /* SettingsViewController.swift in Sources */,
				52FCBFB71C6A4CF700A4801A /* LostPasswordViewController.swift in Sources */,
				52FCBFC21C6A6AF700A4801A /* HideKeyBoard.swift in Sources */,
				5296EE1E1C6F90030084CE65 /* ChangeProfilePictureViewController.swift in Sources */,
				5296EE161C6EF88A0084CE65 /* ChangeEmailViewController.swift in Sources */,
				52FCBFBA1C6A538C00A4801A /* RegisterViewController.swift in Sources */,
				5296EE231C6FA1260084CE65 /* ConfigViewController.swift in Sources */,
				5296EE1C1C6F81DB0084CE65 /* ChangePasswordViewController.swift in Sources */,
				5296EE121C6EDCF60084CE65 /* ModifyUserTableViewController.swift in Sources */,
				5296EE2F1C712E740084CE65 /* ConfigThemeViewController.swift in Sources */,
				5296EE061C6E36150084CE65 /* ReportEventViewController.swift in Sources */,
				5296EE181C6EF9DF0084CE65 /* ChangePhoneViewController.swift in Sources */,
				5296EE0A1C6E3A900084CE65 /* EmergencyCallViewController.swift in Sources */,
				5296EE141C6EF5650084CE65 /* ChangeNameViewController.swift in Sources */,
				52FCBFBC1C6A613500A4801A /* TermsViewController.swift in Sources */,
			);
			runOnlyForDeploymentPostprocessing = 0;
		};
		52F61EF11C67E179003B9C6D /* Sources */ = {
			isa = PBXSourcesBuildPhase;
			buildActionMask = 2147483647;
			files = (
				52F61EFA1C67E179003B9C6D /* SecuvecinosTests.swift in Sources */,
			);
			runOnlyForDeploymentPostprocessing = 0;
		};
		52F61EFC1C67E179003B9C6D /* Sources */ = {
			isa = PBXSourcesBuildPhase;
			buildActionMask = 2147483647;
			files = (
				52F61F051C67E179003B9C6D /* SecuvecinosUITests.swift in Sources */,
			);
			runOnlyForDeploymentPostprocessing = 0;
		};
/* End PBXSourcesBuildPhase section */

/* Begin PBXTargetDependency section */
		52F61EF71C67E179003B9C6D /* PBXTargetDependency */ = {
			isa = PBXTargetDependency;
			target = 52F61EE01C67E178003B9C6D /* Secuvecinos */;
			targetProxy = 52F61EF61C67E179003B9C6D /* PBXContainerItemProxy */;
		};
		52F61F021C67E179003B9C6D /* PBXTargetDependency */ = {
			isa = PBXTargetDependency;
			target = 52F61EE01C67E178003B9C6D /* Secuvecinos */;
			targetProxy = 52F61F011C67E179003B9C6D /* PBXContainerItemProxy */;
		};
/* End PBXTargetDependency section */

/* Begin PBXVariantGroup section */
		52F61EE81C67E178003B9C6D /* Main.storyboard */ = {
			isa = PBXVariantGroup;
			children = (
				52F61EE91C67E178003B9C6D /* Base */,
			);
			name = Main.storyboard;
			sourceTree = "<group>";
		};
		52F61EED1C67E178003B9C6D /* LaunchScreen.storyboard */ = {
			isa = PBXVariantGroup;
			children = (
				52F61EEE1C67E178003B9C6D /* Base */,
			);
			name = LaunchScreen.storyboard;
			sourceTree = "<group>";
		};
/* End PBXVariantGroup section */

/* Begin XCBuildConfiguration section */
		52F61F071C67E179003B9C6D /* Debug */ = {
			isa = XCBuildConfiguration;
			buildSettings = {
				ALWAYS_SEARCH_USER_PATHS = NO;
				CLANG_CXX_LANGUAGE_STANDARD = "gnu++0x";
				CLANG_CXX_LIBRARY = "libc++";
				CLANG_ENABLE_MODULES = YES;
				CLANG_ENABLE_OBJC_ARC = YES;
				CLANG_WARN_BOOL_CONVERSION = YES;
				CLANG_WARN_CONSTANT_CONVERSION = YES;
				CLANG_WARN_DIRECT_OBJC_ISA_USAGE = YES_ERROR;
				CLANG_WARN_EMPTY_BODY = YES;
				CLANG_WARN_ENUM_CONVERSION = YES;
				CLANG_WARN_INT_CONVERSION = YES;
				CLANG_WARN_OBJC_ROOT_CLASS = YES_ERROR;
				CLANG_WARN_UNREACHABLE_CODE = YES;
				CLANG_WARN__DUPLICATE_METHOD_MATCH = YES;
				"CODE_SIGN_IDENTITY[sdk=iphoneos*]" = "iPhone Developer";
				COPY_PHASE_STRIP = NO;
				DEBUG_INFORMATION_FORMAT = dwarf;
				ENABLE_STRICT_OBJC_MSGSEND = YES;
				ENABLE_TESTABILITY = YES;
				GCC_C_LANGUAGE_STANDARD = gnu99;
				GCC_DYNAMIC_NO_PIC = NO;
				GCC_NO_COMMON_BLOCKS = YES;
				GCC_OPTIMIZATION_LEVEL = 0;
				GCC_PREPROCESSOR_DEFINITIONS = (
					"DEBUG=1",
					"$(inherited)",
				);
				GCC_WARN_64_TO_32_BIT_CONVERSION = YES;
				GCC_WARN_ABOUT_RETURN_TYPE = YES_ERROR;
				GCC_WARN_UNDECLARED_SELECTOR = YES;
				GCC_WARN_UNINITIALIZED_AUTOS = YES_AGGRESSIVE;
				GCC_WARN_UNUSED_FUNCTION = YES;
				GCC_WARN_UNUSED_VARIABLE = YES;
				IPHONEOS_DEPLOYMENT_TARGET = 9.2;
				MTL_ENABLE_DEBUG_INFO = YES;
				ONLY_ACTIVE_ARCH = YES;
				SDKROOT = iphoneos;
				SWIFT_OPTIMIZATION_LEVEL = "-Onone";
			};
			name = Debug;
		};
		52F61F081C67E179003B9C6D /* Release */ = {
			isa = XCBuildConfiguration;
			buildSettings = {
				ALWAYS_SEARCH_USER_PATHS = NO;
				CLANG_CXX_LANGUAGE_STANDARD = "gnu++0x";
				CLANG_CXX_LIBRARY = "libc++";
				CLANG_ENABLE_MODULES = YES;
				CLANG_ENABLE_OBJC_ARC = YES;
				CLANG_WARN_BOOL_CONVERSION = YES;
				CLANG_WARN_CONSTANT_CONVERSION = YES;
				CLANG_WARN_DIRECT_OBJC_ISA_USAGE = YES_ERROR;
				CLANG_WARN_EMPTY_BODY = YES;
				CLANG_WARN_ENUM_CONVERSION = YES;
				CLANG_WARN_INT_CONVERSION = YES;
				CLANG_WARN_OBJC_ROOT_CLASS = YES_ERROR;
				CLANG_WARN_UNREACHABLE_CODE = YES;
				CLANG_WARN__DUPLICATE_METHOD_MATCH = YES;
				"CODE_SIGN_IDENTITY[sdk=iphoneos*]" = "iPhone Developer";
				COPY_PHASE_STRIP = NO;
				DEBUG_INFORMATION_FORMAT = "dwarf-with-dsym";
				ENABLE_NS_ASSERTIONS = NO;
				ENABLE_STRICT_OBJC_MSGSEND = YES;
				GCC_C_LANGUAGE_STANDARD = gnu99;
				GCC_NO_COMMON_BLOCKS = YES;
				GCC_WARN_64_TO_32_BIT_CONVERSION = YES;
				GCC_WARN_ABOUT_RETURN_TYPE = YES_ERROR;
				GCC_WARN_UNDECLARED_SELECTOR = YES;
				GCC_WARN_UNINITIALIZED_AUTOS = YES_AGGRESSIVE;
				GCC_WARN_UNUSED_FUNCTION = YES;
				GCC_WARN_UNUSED_VARIABLE = YES;
				IPHONEOS_DEPLOYMENT_TARGET = 9.2;
				MTL_ENABLE_DEBUG_INFO = NO;
				SDKROOT = iphoneos;
				VALIDATE_PRODUCT = YES;
			};
			name = Release;
		};
		52F61F0A1C67E179003B9C6D /* Debug */ = {
			isa = XCBuildConfiguration;
			buildSettings = {
				ASSETCATALOG_COMPILER_APPICON_NAME = AppIcon;
				CLANG_ENABLE_MODULES = YES;
				INFOPLIST_FILE = Secuvecinos/Info.plist;
				LD_RUNPATH_SEARCH_PATHS = "$(inherited) @executable_path/Frameworks";
				PRODUCT_BUNDLE_IDENTIFIER = interfaces.Secuvecinos;
				PRODUCT_NAME = "$(TARGET_NAME)";
				SWIFT_OBJC_BRIDGING_HEADER = "Secuvecinos/Secuvecinos-Bridging-Header.h";
				SWIFT_OPTIMIZATION_LEVEL = "-Onone";
			};
			name = Debug;
		};
		52F61F0B1C67E179003B9C6D /* Release */ = {
			isa = XCBuildConfiguration;
			buildSettings = {
				ASSETCATALOG_COMPILER_APPICON_NAME = AppIcon;
				CLANG_ENABLE_MODULES = YES;
				INFOPLIST_FILE = Secuvecinos/Info.plist;
				LD_RUNPATH_SEARCH_PATHS = "$(inherited) @executable_path/Frameworks";
				PRODUCT_BUNDLE_IDENTIFIER = interfaces.Secuvecinos;
				PRODUCT_NAME = "$(TARGET_NAME)";
				SWIFT_OBJC_BRIDGING_HEADER = "Secuvecinos/Secuvecinos-Bridging-Header.h";
			};
			name = Release;
		};
		52F61F0D1C67E179003B9C6D /* Debug */ = {
			isa = XCBuildConfiguration;
			buildSettings = {
				BUNDLE_LOADER = "$(TEST_HOST)";
				INFOPLIST_FILE = SecuvecinosTests/Info.plist;
				LD_RUNPATH_SEARCH_PATHS = "$(inherited) @executable_path/Frameworks @loader_path/Frameworks";
				PRODUCT_BUNDLE_IDENTIFIER = interfaces.SecuvecinosTests;
				PRODUCT_NAME = "$(TARGET_NAME)";
				TEST_HOST = "$(BUILT_PRODUCTS_DIR)/Secuvecinos.app/Secuvecinos";
			};
			name = Debug;
		};
		52F61F0E1C67E179003B9C6D /* Release */ = {
			isa = XCBuildConfiguration;
			buildSettings = {
				BUNDLE_LOADER = "$(TEST_HOST)";
				INFOPLIST_FILE = SecuvecinosTests/Info.plist;
				LD_RUNPATH_SEARCH_PATHS = "$(inherited) @executable_path/Frameworks @loader_path/Frameworks";
				PRODUCT_BUNDLE_IDENTIFIER = interfaces.SecuvecinosTests;
				PRODUCT_NAME = "$(TARGET_NAME)";
				TEST_HOST = "$(BUILT_PRODUCTS_DIR)/Secuvecinos.app/Secuvecinos";
			};
			name = Release;
		};
		52F61F101C67E179003B9C6D /* Debug */ = {
			isa = XCBuildConfiguration;
			buildSettings = {
				INFOPLIST_FILE = SecuvecinosUITests/Info.plist;
				LD_RUNPATH_SEARCH_PATHS = "$(inherited) @executable_path/Frameworks @loader_path/Frameworks";
				PRODUCT_BUNDLE_IDENTIFIER = interfaces.SecuvecinosUITests;
				PRODUCT_NAME = "$(TARGET_NAME)";
				TEST_TARGET_NAME = Secuvecinos;
				USES_XCTRUNNER = YES;
			};
			name = Debug;
		};
		52F61F111C67E179003B9C6D /* Release */ = {
			isa = XCBuildConfiguration;
			buildSettings = {
				INFOPLIST_FILE = SecuvecinosUITests/Info.plist;
				LD_RUNPATH_SEARCH_PATHS = "$(inherited) @executable_path/Frameworks @loader_path/Frameworks";
				PRODUCT_BUNDLE_IDENTIFIER = interfaces.SecuvecinosUITests;
				PRODUCT_NAME = "$(TARGET_NAME)";
				TEST_TARGET_NAME = Secuvecinos;
				USES_XCTRUNNER = YES;
			};
			name = Release;
		};
/* End XCBuildConfiguration section */

/* Begin XCConfigurationList section */
		52F61EDC1C67E178003B9C6D /* Build configuration list for PBXProject "Secuvecinos" */ = {
			isa = XCConfigurationList;
			buildConfigurations = (
				52F61F071C67E179003B9C6D /* Debug */,
				52F61F081C67E179003B9C6D /* Release */,
			);
			defaultConfigurationIsVisible = 0;
			defaultConfigurationName = Release;
		};
		52F61F091C67E179003B9C6D /* Build configuration list for PBXNativeTarget "Secuvecinos" */ = {
			isa = XCConfigurationList;
			buildConfigurations = (
				52F61F0A1C67E179003B9C6D /* Debug */,
				52F61F0B1C67E179003B9C6D /* Release */,
			);
			defaultConfigurationIsVisible = 0;
			defaultConfigurationName = Release;
		};
		52F61F0C1C67E179003B9C6D /* Build configuration list for PBXNativeTarget "SecuvecinosTests" */ = {
			isa = XCConfigurationList;
			buildConfigurations = (
				52F61F0D1C67E179003B9C6D /* Debug */,
				52F61F0E1C67E179003B9C6D /* Release */,
			);
			defaultConfigurationIsVisible = 0;
			defaultConfigurationName = Release;
		};
		52F61F0F1C67E179003B9C6D /* Build configuration list for PBXNativeTarget "SecuvecinosUITests" */ = {
			isa = XCConfigurationList;
			buildConfigurations = (
				52F61F101C67E179003B9C6D /* Debug */,
				52F61F111C67E179003B9C6D /* Release */,
			);
			defaultConfigurationIsVisible = 0;
			defaultConfigurationName = Release;
		};
/* End XCConfigurationList section */
	};
	rootObject = 52F61ED91C67E178003B9C6D /* Project object */;
}
